
Microsoft Visual Studio Solution File, Format Version 12.00
# Visual Studio 2013
VisualStudioVersion = 12.0.40629.0
MinimumVisualStudioVersion = 10.0.40219.1
Project("{8BC9CEB8-8B4A-11D0-8D11-00A0C91BC942}") = "CompareStringsByLinkedLists", "CompareStringsByLinkedLists\CompareStringsByLinkedLists.vcxproj", "{380AFAC9-E2C2-4F20-BA07-D0FA18AE48AC}"
EndProject
Global
	GlobalSection(SolutionConfigurationPlatforms) = preSolution
		Debug|Win32 = Debug|Win32
		Release|Win32 = Release|Win32
	EndGlobalSection
	GlobalSection(ProjectConfigurationPlatforms) = postSolution
		{380AFAC9-E2C2-4F20-BA07-D0FA18AE48AC}.Debug|Win32.ActiveCfg = Debug|Win32
		{380AFAC9-E2C2-4F20-BA07-D0FA18AE48AC}.Debug|Win32.Build.0 = Debug|Win32
		{380AFAC9-E2C2-4F20-BA07-D0FA18AE48AC}.Release|Win32.ActiveCfg = Release|Win32
		{380AFAC9-E2C2-4F20-BA07-D0FA18AE48AC}.Release|Win32.Build.0 = Release|Win32
	EndGlobalSection
	GlobalSection(SolutionProperties) = preSolution
		HideSolutionNode = FALSE
	EndGlobalSection
EndGlobal
